
Microsoft Visual Studio Solution File, Format Version 12.00
# Visual Studio Version 17
VisualStudioVersion = 17.0.31903.59
MinimumVisualStudioVersion = 10.0.40219.1
Project("{FAE04EC0-301F-11D3-BF4B-00C04F79EFBC}") = "EWTS.API", "EWTS.API\EWTS.API.csproj", "{6235516C-F7F4-4E24-A0C8-64D72AF42F4E}"
EndProject
Project("{FAE04EC0-301F-11D3-BF4B-00C04F79EFBC}") = "EWTS.Domain", "EWTS.Domain\EWTS.Domain.csproj", "{C22F9EF6-1CDE-4B41-BE11-FB7F980A3210}"
EndProject
Project("{FAE04EC0-301F-11D3-BF4B-00C04F79EFBC}") = "EWTS.Application", "EWTS.Application\EWTS.Application.csproj", "{D6D8CE9E-D4BC-44A3-A214-9B2936C0263C}"
EndProject
Project("{FAE04EC0-301F-11D3-BF4B-00C04F79EFBC}") = "EWTS.Infrastructure", "EWTS.Infrastructure\EWTS.Infrastructure.csproj", "{238B4405-2E58-4868-96C9-1289A9595271}"
EndProject
Global
	GlobalSection(SolutionConfigurationPlatforms) = preSolution
		Debug|Any CPU = Debug|Any CPU
		Debug|x64 = Debug|x64
		Debug|x86 = Debug|x86
		Release|Any CPU = Release|Any CPU
		Release|x64 = Release|x64
		Release|x86 = Release|x86
	EndGlobalSection
	GlobalSection(ProjectConfigurationPlatforms) = postSolution
		{6235516C-F7F4-4E24-A0C8-64D72AF42F4E}.Debug|Any CPU.ActiveCfg = Debug|Any CPU
		{6235516C-F7F4-4E24-A0C8-64D72AF42F4E}.Debug|Any CPU.Build.0 = Debug|Any CPU
		{6235516C-F7F4-4E24-A0C8-64D72AF42F4E}.Debug|x64.ActiveCfg = Debug|Any CPU
		{6235516C-F7F4-4E24-A0C8-64D72AF42F4E}.Debug|x64.Build.0 = Debug|Any CPU
		{6235516C-F7F4-4E24-A0C8-64D72AF42F4E}.Debug|x86.ActiveCfg = Debug|Any CPU
		{6235516C-F7F4-4E24-A0C8-64D72AF42F4E}.Debug|x86.Build.0 = Debug|Any CPU
		{6235516C-F7F4-4E24-A0C8-64D72AF42F4E}.Release|Any CPU.ActiveCfg = Release|Any CPU
		{6235516C-F7F4-4E24-A0C8-64D72AF42F4E}.Release|Any CPU.Build.0 = Release|Any CPU
		{6235516C-F7F4-4E24-A0C8-64D72AF42F4E}.Release|x64.ActiveCfg = Release|Any CPU
		{6235516C-F7F4-4E24-A0C8-64D72AF42F4E}.Release|x64.Build.0 = Release|Any CPU
		{6235516C-F7F4-4E24-A0C8-64D72AF42F4E}.Release|x86.ActiveCfg = Release|Any CPU
		{6235516C-F7F4-4E24-A0C8-64D72AF42F4E}.Release|x86.Build.0 = Release|Any CPU
		{C22F9EF6-1CDE-4B41-BE11-FB7F980A3210}.Debug|Any CPU.ActiveCfg = Debug|Any CPU
		{C22F9EF6-1CDE-4B41-BE11-FB7F980A3210}.Debug|Any CPU.Build.0 = Debug|Any CPU
		{C22F9EF6-1CDE-4B41-BE11-FB7F980A3210}.Debug|x64.ActiveCfg = Debug|Any CPU
		{C22F9EF6-1CDE-4B41-BE11-FB7F980A3210}.Debug|x64.Build.0 = Debug|Any CPU
		{C22F9EF6-1CDE-4B41-BE11-FB7F980A3210}.Debug|x86.ActiveCfg = Debug|Any CPU
		{C22F9EF6-1CDE-4B41-BE11-FB7F980A3210}.Debug|x86.Build.0 = Debug|Any CPU
		{C22F9EF6-1CDE-4B41-BE11-FB7F980A3210}.Release|Any CPU.ActiveCfg = Release|Any CPU
		{C22F9EF6-1CDE-4B41-BE11-FB7F980A3210}.Release|Any CPU.Build.0 = Release|Any CPU
		{C22F9EF6-1CDE-4B41-BE11-FB7F980A3210}.Release|x64.ActiveCfg = Release|Any CPU
		{C22F9EF6-1CDE-4B41-BE11-FB7F980A3210}.Release|x64.Build.0 = Release|Any CPU
		{C22F9EF6-1CDE-4B41-BE11-FB7F980A3210}.Release|x86.ActiveCfg = Release|Any CPU
		{C22F9EF6-1CDE-4B41-BE11-FB7F980A3210}.Release|x86.Build.0 = Release|Any CPU
		{D6D8CE9E-D4BC-44A3-A214-9B2936C0263C}.Debug|Any CPU.ActiveCfg = Debug|Any CPU
		{D6D8CE9E-D4BC-44A3-A214-9B2936C0263C}.Debug|Any CPU.Build.0 = Debug|Any CPU
		{D6D8CE9E-D4BC-44A3-A214-9B2936C0263C}.Debug|x64.ActiveCfg = Debug|Any CPU
		{D6D8CE9E-D4BC-44A3-A214-9B2936C0263C}.Debug|x64.Build.0 = Debug|Any CPU
		{D6D8CE9E-D4BC-44A3-A214-9B2936C0263C}.Debug|x86.ActiveCfg = Debug|Any CPU
		{D6D8CE9E-D4BC-44A3-A214-9B2936C0263C}.Debug|x86.Build.0 = Debug|Any CPU
		{D6D8CE9E-D4BC-44A3-A214-9B2936C0263C}.Release|Any CPU.ActiveCfg = Release|Any CPU
		{D6D8CE9E-D4BC-44A3-A214-9B2936C0263C}.Release|Any CPU.Build.0 = Release|Any CPU
		{D6D8CE9E-D4BC-44A3-A214-9B2936C0263C}.Release|x64.ActiveCfg = Release|Any CPU
		{D6D8CE9E-D4BC-44A3-A214-9B2936C0263C}.Release|x64.Build.0 = Release|Any CPU
		{D6D8CE9E-D4BC-44A3-A214-9B2936C0263C}.Release|x86.ActiveCfg = Release|Any CPU
		{D6D8CE9E-D4BC-44A3-A214-9B2936C0263C}.Release|x86.Build.0 = Release|Any CPU
		{238B4405-2E58-4868-96C9-1289A9595271}.Debug|Any CPU.ActiveCfg = Debug|Any CPU
		{238B4405-2E58-4868-96C9-1289A9595271}.Debug|Any CPU.Build.0 = Debug|Any CPU
		{238B4405-2E58-4868-96C9-1289A9595271}.Debug|x64.ActiveCfg = Debug|Any CPU
		{238B4405-2E58-4868-96C9-1289A9595271}.Debug|x64.Build.0 = Debug|Any CPU
		{238B4405-2E58-4868-96C9-1289A9595271}.Debug|x86.ActiveCfg = Debug|Any CPU
		{238B4405-2E58-4868-96C9-1289A9595271}.Debug|x86.Build.0 = Debug|Any CPU
		{238B4405-2E58-4868-96C9-1289A9595271}.Release|Any CPU.ActiveCfg = Release|Any CPU
		{238B4405-2E58-4868-96C9-1289A9595271}.Release|Any CPU.Build.0 = Release|Any CPU
		{238B4405-2E58-4868-96C9-1289A9595271}.Release|x64.ActiveCfg = Release|Any CPU
		{238B4405-2E58-4868-96C9-1289A9595271}.Release|x64.Build.0 = Release|Any CPU
		{238B4405-2E58-4868-96C9-1289A9595271}.Release|x86.ActiveCfg = Release|Any CPU
		{238B4405-2E58-4868-96C9-1289A9595271}.Release|x86.Build.0 = Release|Any CPU
	EndGlobalSection
	GlobalSection(SolutionProperties) = preSolution
		HideSolutionNode = FALSE
	EndGlobalSection
EndGlobal
